
Microsoft Visual Studio Solution File, Format Version 12.00
# Visual Studio Version 17
VisualStudioVersion = 17.8.34408.163
MinimumVisualStudioVersion = 10.0.40219.1
Project("{9A19103F-16F7-4668-BE54-9A1E7A4F7556}") = "IssueDemo", "IssueDemo\IssueDemo.csproj", "{0A08783E-2119-4AAB-9B6E-FC1DE2F0063C}"
EndProject
Project("{2150E333-8FDC-42A3-9474-1A3956D46DE8}") = "scripts", "scripts", "{6939DB51-13DD-46F2-9473-978D2ED97CAB}"
	ProjectSection(SolutionItems) = preProject
		MergeDlls.ps1 = MergeDlls.ps1
	EndProjectSection
EndProject
Global
	GlobalSection(SolutionConfigurationPlatforms) = preSolution
		Debug|Any CPU = Debug|Any CPU
		Release|Any CPU = Release|Any CPU
	EndGlobalSection
	GlobalSection(ProjectConfigurationPlatforms) = postSolution
		{0A08783E-2119-4AAB-9B6E-FC1DE2F0063C}.Debug|Any CPU.ActiveCfg = Debug|Any CPU
		{0A08783E-2119-4AAB-9B6E-FC1DE2F0063C}.Debug|Any CPU.Build.0 = Debug|Any CPU
		{0A08783E-2119-4AAB-9B6E-FC1DE2F0063C}.Release|Any CPU.ActiveCfg = Release|Any CPU
		{0A08783E-2119-4AAB-9B6E-FC1DE2F0063C}.Release|Any CPU.Build.0 = Release|Any CPU
	EndGlobalSection
	GlobalSection(SolutionProperties) = preSolution
		HideSolutionNode = FALSE
	EndGlobalSection
	GlobalSection(ExtensibilityGlobals) = postSolution
		SolutionGuid = {08087E26-C460-4BA7-8FF7-8F185A4572BC}
	EndGlobalSection
EndGlobal
